// !$*UTF8*$!
{
	archiveVersion = 1;
	classes = {
	};
	objectVersion = 56;
	objects = {

/* Begin PBXBuildFile section */
		2ACB7FB72C2D5AD1008BF4BE /* SearchView.swift in Sources */ = {isa = PBXBuildFile; fileRef = 2ACB7FB62C2D5AD1008BF4BE /* SearchView.swift */; };
		2ACB7FB92C2D5AF1008BF4BE /* QRScannerView.swift in Sources */ = {isa = PBXBuildFile; fileRef = 2ACB7FB82C2D5AF1008BF4BE /* QRScannerView.swift */; };
		2ACB7FBB2C2D5B1B008BF4BE /* NotificationsView.swift in Sources */ = {isa = PBXBuildFile; fileRef = 2ACB7FBA2C2D5B1B008BF4BE /* NotificationsView.swift */; };
		A003BBB22C29678A00C64C5E /* EventAppApp.swift in Sources */ = {isa = PBXBuildFile; fileRef = A003BBB12C29678A00C64C5E /* EventAppApp.swift */; };
		A003BBB42C29678A00C64C5E /* ContentView.swift in Sources */ = {isa = PBXBuildFile; fileRef = A003BBB32C29678A00C64C5E /* ContentView.swift */; };
		A003BBB62C29678B00C64C5E /* Assets.xcassets in Resources */ = {isa = PBXBuildFile; fileRef = A003BBB52C29678B00C64C5E /* Assets.xcassets */; };
		A003BBB92C29678B00C64C5E /* Preview Assets.xcassets in Resources */ = {isa = PBXBuildFile; fileRef = A003BBB82C29678B00C64C5E /* Preview Assets.xcassets */; };
		A003BBC32C29678B00C64C5E /* EventAppTests.swift in Sources */ = {isa = PBXBuildFile; fileRef = A003BBC22C29678B00C64C5E /* EventAppTests.swift */; };
		A003BBCD2C29678B00C64C5E /* EventAppUITests.swift in Sources */ = {isa = PBXBuildFile; fileRef = A003BBCC2C29678B00C64C5E /* EventAppUITests.swift */; };
		A003BBCF2C29678B00C64C5E /* EventAppUITestsLaunchTests.swift in Sources */ = {isa = PBXBuildFile; fileRef = A003BBCE2C29678B00C64C5E /* EventAppUITestsLaunchTests.swift */; };
		A003BBDC2C296B9D00C64C5E /* DiscoverView.swift in Sources */ = {isa = PBXBuildFile; fileRef = A003BBDB2C296B9D00C64C5E /* DiscoverView.swift */; };
		A003BBDE2C296BA700C64C5E /* EventView.swift in Sources */ = {isa = PBXBuildFile; fileRef = A003BBDD2C296BA700C64C5E /* EventView.swift */; };
		A003BBE02C296BB600C64C5E /* NetworkView.swift in Sources */ = {isa = PBXBuildFile; fileRef = A003BBDF2C296BB600C64C5E /* NetworkView.swift */; };
		A003BBE22C296BFA00C64C5E /* GamesView.swift in Sources */ = {isa = PBXBuildFile; fileRef = A003BBE12C296BFA00C64C5E /* GamesView.swift */; };
		A003BBE42C296BFF00C64C5E /* ProfileView.swift in Sources */ = {isa = PBXBuildFile; fileRef = A003BBE32C296BFF00C64C5E /* ProfileView.swift */; };
/* End PBXBuildFile section */

/* Begin PBXContainerItemProxy section */
		A003BBBF2C29678B00C64C5E /* PBXContainerItemProxy */ = {
			isa = PBXContainerItemProxy;
			containerPortal = A003BBA62C29678A00C64C5E /* Project object */;
			proxyType = 1;
			remoteGlobalIDString = A003BBAD2C29678A00C64C5E;
			remoteInfo = EventApp;
		};
		A003BBC92C29678B00C64C5E /* PBXContainerItemProxy */ = {
			isa = PBXContainerItemProxy;
			containerPortal = A003BBA62C29678A00C64C5E /* Project object */;
			proxyType = 1;
			remoteGlobalIDString = A003BBAD2C29678A00C64C5E;
			remoteInfo = EventApp;
		};
/* End PBXContainerItemProxy section */

/* Begin PBXFileReference section */
		2ACB7FB62C2D5AD1008BF4BE /* SearchView.swift */ = {isa = PBXFileReference; lastKnownFileType = sourcecode.swift; path = SearchView.swift; sourceTree = "<group>"; };
		2ACB7FB82C2D5AF1008BF4BE /* QRScannerView.swift */ = {isa = PBXFileReference; lastKnownFileType = sourcecode.swift; path = QRScannerView.swift; sourceTree = "<group>"; };
		2ACB7FBA2C2D5B1B008BF4BE /* NotificationsView.swift */ = {isa = PBXFileReference; lastKnownFileType = sourcecode.swift; path = NotificationsView.swift; sourceTree = "<group>"; };
		A003BBAE2C29678A00C64C5E /* EventApp.app */ = {isa = PBXFileReference; explicitFileType = wrapper.application; includeInIndex = 0; path = EventApp.app; sourceTree = BUILT_PRODUCTS_DIR; };
		A003BBB12C29678A00C64C5E /* EventAppApp.swift */ = {isa = PBXFileReference; lastKnownFileType = sourcecode.swift; path = EventAppApp.swift; sourceTree = "<group>"; };
		A003BBB32C29678A00C64C5E /* ContentView.swift */ = {isa = PBXFileReference; lastKnownFileType = sourcecode.swift; path = ContentView.swift; sourceTree = "<group>"; };
		A003BBB52C29678B00C64C5E /* Assets.xcassets */ = {isa = PBXFileReference; lastKnownFileType = folder.assetcatalog; path = Assets.xcassets; sourceTree = "<group>"; };
		A003BBB82C29678B00C64C5E /* Preview Assets.xcassets */ = {isa = PBXFileReference; lastKnownFileType = folder.assetcatalog; path = "Preview Assets.xcassets"; sourceTree = "<group>"; };
		A003BBBE2C29678B00C64C5E /* EventAppTests.xctest */ = {isa = PBXFileReference; explicitFileType = wrapper.cfbundle; includeInIndex = 0; path = EventAppTests.xctest; sourceTree = BUILT_PRODUCTS_DIR; };
		A003BBC22C29678B00C64C5E /* EventAppTests.swift */ = {isa = PBXFileReference; lastKnownFileType = sourcecode.swift; path = EventAppTests.swift; sourceTree = "<group>"; };
		A003BBC82C29678B00C64C5E /* EventAppUITests.xctest */ = {isa = PBXFileReference; explicitFileType = wrapper.cfbundle; includeInIndex = 0; path = EventAppUITests.xctest; sourceTree = BUILT_PRODUCTS_DIR; };
		A003BBCC2C29678B00C64C5E /* EventAppUITests.swift */ = {isa = PBXFileReference; lastKnownFileType = sourcecode.swift; path = EventAppUITests.swift; sourceTree = "<group>"; };
		A003BBCE2C29678B00C64C5E /* EventAppUITestsLaunchTests.swift */ = {isa = PBXFileReference; lastKnownFileType = sourcecode.swift; path = EventAppUITestsLaunchTests.swift; sourceTree = "<group>"; };
		A003BBDB2C296B9D00C64C5E /* DiscoverView.swift */ = {isa = PBXFileReference; lastKnownFileType = sourcecode.swift; path = DiscoverView.swift; sourceTree = "<group>"; };
		A003BBDD2C296BA700C64C5E /* EventView.swift */ = {isa = PBXFileReference; lastKnownFileType = sourcecode.swift; path = EventView.swift; sourceTree = "<group>"; };
		A003BBDF2C296BB600C64C5E /* NetworkView.swift */ = {isa = PBXFileReference; lastKnownFileType = sourcecode.swift; path = NetworkView.swift; sourceTree = "<group>"; };
		A003BBE12C296BFA00C64C5E /* GamesView.swift */ = {isa = PBXFileReference; lastKnownFileType = sourcecode.swift; path = GamesView.swift; sourceTree = "<group>"; };
		A003BBE32C296BFF00C64C5E /* ProfileView.swift */ = {isa = PBXFileReference; lastKnownFileType = sourcecode.swift; path = ProfileView.swift; sourceTree = "<group>"; };
/* End PBXFileReference section */

/* Begin PBXFrameworksBuildPhase section */
		A003BBAB2C29678A00C64C5E /* Frameworks */ = {
			isa = PBXFrameworksBuildPhase;
			buildActionMask = 2147483647;
			files = (
			);
			runOnlyForDeploymentPostprocessing = 0;
		};
		A003BBBB2C29678B00C64C5E /* Frameworks */ = {
			isa = PBXFrameworksBuildPhase;
			buildActionMask = 2147483647;
			files = (
			);
			runOnlyForDeploymentPostprocessing = 0;
		};
		A003BBC52C29678B00C64C5E /* Frameworks */ = {
			isa = PBXFrameworksBuildPhase;
			buildActionMask = 2147483647;
			files = (
			);
			runOnlyForDeploymentPostprocessing = 0;
		};
/* End PBXFrameworksBuildPhase section */

/* Begin PBXGroup section */
		A003BBA52C29678A00C64C5E = {
			isa = PBXGroup;
			children = (
				A003BBB02C29678A00C64C5E /* EventApp */,
				A003BBC12C29678B00C64C5E /* EventAppTests */,
				A003BBCB2C29678B00C64C5E /* EventAppUITests */,
				A003BBAF2C29678A00C64C5E /* Products */,
			);
			sourceTree = "<group>";
		};
		A003BBAF2C29678A00C64C5E /* Products */ = {
			isa = PBXGroup;
			children = (
				A003BBAE2C29678A00C64C5E /* EventApp.app */,
				A003BBBE2C29678B00C64C5E /* EventAppTests.xctest */,
				A003BBC82C29678B00C64C5E /* EventAppUITests.xctest */,
			);
			name = Products;
			sourceTree = "<group>";
		};
		A003BBB02C29678A00C64C5E /* EventApp */ = {
			isa = PBXGroup;
			children = (
				2ACB7FB62C2D5AD1008BF4BE /* SearchView.swift */,
				2ACB7FB82C2D5AF1008BF4BE /* QRScannerView.swift */,
				2ACB7FBA2C2D5B1B008BF4BE /* NotificationsView.swift */,
				A003BBB32C29678A00C64C5E /* ContentView.swift */,
				A003BBDB2C296B9D00C64C5E /* DiscoverView.swift */,
				A003BBDD2C296BA700C64C5E /* EventView.swift */,
				A003BBDF2C296BB600C64C5E /* NetworkView.swift */,
				A003BBE12C296BFA00C64C5E /* GamesView.swift */,
				A003BBE32C296BFF00C64C5E /* ProfileView.swift */,
				A003BBB12C29678A00C64C5E /* EventAppApp.swift */,
				A003BBB52C29678B00C64C5E /* Assets.xcassets */,
				A003BBB72C29678B00C64C5E /* Preview Content */,
			);
			path = EventApp;
			sourceTree = "<group>";
		};
		A003BBB72C29678B00C64C5E /* Preview Content */ = {
			isa = PBXGroup;
			children = (
				A003BBB82C29678B00C64C5E /* Preview Assets.xcassets */,
			);
			path = "Preview Content";
			sourceTree = "<group>";
		};
		A003BBC12C29678B00C64C5E /* EventAppTests */ = {
			isa = PBXGroup;
			children = (
				A003BBC22C29678B00C64C5E /* EventAppTests.swift */,
			);
			path = EventAppTests;
			sourceTree = "<group>";
		};
		A003BBCB2C29678B00C64C5E /* EventAppUITests */ = {
			isa = PBXGroup;
			children = (
				A003BBCC2C29678B00C64C5E /* EventAppUITests.swift */,
				A003BBCE2C29678B00C64C5E /* EventAppUITestsLaunchTests.swift */,
			);
			path = EventAppUITests;
			sourceTree = "<group>";
		};
/* End PBXGroup section */

/* Begin PBXNativeTarget section */
		A003BBAD2C29678A00C64C5E /* EventApp */ = {
			isa = PBXNativeTarget;
			buildConfigurationList = A003BBD22C29678B00C64C5E /* Build configuration list for PBXNativeTarget "EventApp" */;
			buildPhases = (
				A003BBAA2C29678A00C64C5E /* Sources */,
				A003BBAB2C29678A00C64C5E /* Frameworks */,
				A003BBAC2C29678A00C64C5E /* Resources */,
			);
			buildRules = (
			);
			dependencies = (
			);
			name = EventApp;
			productName = EventApp;
			productReference = A003BBAE2C29678A00C64C5E /* EventApp.app */;
			productType = "com.apple.product-type.application";
		};
		A003BBBD2C29678B00C64C5E /* EventAppTests */ = {
			isa = PBXNativeTarget;
			buildConfigurationList = A003BBD52C29678B00C64C5E /* Build configuration list for PBXNativeTarget "EventAppTests" */;
			buildPhases = (
				A003BBBA2C29678B00C64C5E /* Sources */,
				A003BBBB2C29678B00C64C5E /* Frameworks */,
				A003BBBC2C29678B00C64C5E /* Resources */,
			);
			buildRules = (
			);
			dependencies = (
				A003BBC02C29678B00C64C5E /* PBXTargetDependency */,
			);
			name = EventAppTests;
			productName = EventAppTests;
			productReference = A003BBBE2C29678B00C64C5E /* EventAppTests.xctest */;
			productType = "com.apple.product-type.bundle.unit-test";
		};
		A003BBC72C29678B00C64C5E /* EventAppUITests */ = {
			isa = PBXNativeTarget;
			buildConfigurationList = A003BBD82C29678B00C64C5E /* Build configuration list for PBXNativeTarget "EventAppUITests" */;
			buildPhases = (
				A003BBC42C29678B00C64C5E /* Sources */,
				A003BBC52C29678B00C64C5E /* Frameworks */,
				A003BBC62C29678B00C64C5E /* Resources */,
			);
			buildRules = (
			);
			dependencies = (
				A003BBCA2C29678B00C64C5E /* PBXTargetDependency */,
			);
			name = EventAppUITests;
			productName = EventAppUITests;
			productReference = A003BBC82C29678B00C64C5E /* EventAppUITests.xctest */;
			productType = "com.apple.product-type.bundle.ui-testing";
		};
/* End PBXNativeTarget section */

/* Begin PBXProject section */
		A003BBA62C29678A00C64C5E /* Project object */ = {
			isa = PBXProject;
			attributes = {
				BuildIndependentTargetsInParallel = 1;
				LastSwiftUpdateCheck = 1500;
				LastUpgradeCheck = 1500;
				TargetAttributes = {
					A003BBAD2C29678A00C64C5E = {
						CreatedOnToolsVersion = 15.0.1;
					};
					A003BBBD2C29678B00C64C5E = {
						CreatedOnToolsVersion = 15.0.1;
						TestTargetID = A003BBAD2C29678A00C64C5E;
					};
					A003BBC72C29678B00C64C5E = {
						CreatedOnToolsVersion = 15.0.1;
						TestTargetID = A003BBAD2C29678A00C64C5E;
					};
				};
			};
			buildConfigurationList = A003BBA92C29678A00C64C5E /* Build configuration list for PBXProject "EventApp" */;
			compatibilityVersion = "Xcode 14.0";
			developmentRegion = en;
			hasScannedForEncodings = 0;
			knownRegions = (
				en,
				Base,
			);
			mainGroup = A003BBA52C29678A00C64C5E;
			productRefGroup = A003BBAF2C29678A00C64C5E /* Products */;
			projectDirPath = "";
			projectRoot = "";
			targets = (
				A003BBAD2C29678A00C64C5E /* EventApp */,
				A003BBBD2C29678B00C64C5E /* EventAppTests */,
				A003BBC72C29678B00C64C5E /* EventAppUITests */,
			);
		};
/* End PBXProject section */

/* Begin PBXResourcesBuildPhase section */
		A003BBAC2C29678A00C64C5E /* Resources */ = {
			isa = PBXResourcesBuildPhase;
			buildActionMask = 2147483647;
			files = (
				A003BBB92C29678B00C64C5E /* Preview Assets.xcassets in Resources */,
				A003BBB62C29678B00C64C5E /* Assets.xcassets in Resources */,
			);
			runOnlyForDeploymentPostprocessing = 0;
		};
		A003BBBC2C29678B00C64C5E /* Resources */ = {
			isa = PBXResourcesBuildPhase;
			buildActionMask = 2147483647;
			files = (
			);
			runOnlyForDeploymentPostprocessing = 0;
		};
		A003BBC62C29678B00C64C5E /* Resources */ = {
			isa = PBXResourcesBuildPhase;
			buildActionMask = 2147483647;
			files = (
			);
			runOnlyForDeploymentPostprocessing = 0;
		};
/* End PBXResourcesBuildPhase section */

/* Begin PBXSourcesBuildPhase section */
		A003BBAA2C29678A00C64C5E /* Sources */ = {
			isa = PBXSourcesBuildPhase;
			buildActionMask = 2147483647;
			files = (
				A003BBE22C296BFA00C64C5E /* GamesView.swift in Sources */,
				2ACB7FB72C2D5AD1008BF4BE /* SearchView.swift in Sources */,
				A003BBB42C29678A00C64C5E /* ContentView.swift in Sources */,
				2ACB7FBB2C2D5B1B008BF4BE /* NotificationsView.swift in Sources */,
				2ACB7FB92C2D5AF1008BF4BE /* QRScannerView.swift in Sources */,
				A003BBB22C29678A00C64C5E /* EventAppApp.swift in Sources */,
				A003BBDC2C296B9D00C64C5E /* DiscoverView.swift in Sources */,
				A003BBE02C296BB600C64C5E /* NetworkView.swift in Sources */,
				A003BBE42C296BFF00C64C5E /* ProfileView.swift in Sources */,
				A003BBDE2C296BA700C64C5E /* EventView.swift in Sources */,
			);
			runOnlyForDeploymentPostprocessing = 0;
		};
		A003BBBA2C29678B00C64C5E /* Sources */ = {
			isa = PBXSourcesBuildPhase;
			buildActionMask = 2147483647;
			files = (
				A003BBC32C29678B00C64C5E /* EventAppTests.swift in Sources */,
			);
			runOnlyForDeploymentPostprocessing = 0;
		};
		A003BBC42C29678B00C64C5E /* Sources */ = {
			isa = PBXSourcesBuildPhase;
			buildActionMask = 2147483647;
			files = (
				A003BBCF2C29678B00C64C5E /* EventAppUITestsLaunchTests.swift in Sources */,
				A003BBCD2C29678B00C64C5E /* EventAppUITests.swift in Sources */,
			);
			runOnlyForDeploymentPostprocessing = 0;
		};
/* End PBXSourcesBuildPhase section */

/* Begin PBXTargetDependency section */
		A003BBC02C29678B00C64C5E /* PBXTargetDependency */ = {
			isa = PBXTargetDependency;
			target = A003BBAD2C29678A00C64C5E /* EventApp */;
			targetProxy = A003BBBF2C29678B00C64C5E /* PBXContainerItemProxy */;
		};
		A003BBCA2C29678B00C64C5E /* PBXTargetDependency */ = {
			isa = PBXTargetDependency;
			target = A003BBAD2C29678A00C64C5E /* EventApp */;
			targetProxy = A003BBC92C29678B00C64C5E /* PBXContainerItemProxy */;
		};
/* End PBXTargetDependency section */

/* Begin XCBuildConfiguration section */
		A003BBD02C29678B00C64C5E /* Debug */ = {
			isa = XCBuildConfiguration;
			buildSettings = {
				ALWAYS_SEARCH_USER_PATHS = NO;
				ASSETCATALOG_COMPILER_GENERATE_SWIFT_ASSET_SYMBOL_EXTENSIONS = YES;
				CLANG_ANALYZER_NONNULL = YES;
				CLANG_ANALYZER_NUMBER_OBJECT_CONVERSION = YES_AGGRESSIVE;
				CLANG_CXX_LANGUAGE_STANDARD = "gnu++20";
				CLANG_ENABLE_MODULES = YES;
				CLANG_ENABLE_OBJC_ARC = YES;
				CLANG_ENABLE_OBJC_WEAK = YES;
				CLANG_WARN_BLOCK_CAPTURE_AUTORELEASING = YES;
				CLANG_WARN_BOOL_CONVERSION = YES;
				CLANG_WARN_COMMA = YES;
				CLANG_WARN_CONSTANT_CONVERSION = YES;
				CLANG_WARN_DEPRECATED_OBJC_IMPLEMENTATIONS = YES;
				CLANG_WARN_DIRECT_OBJC_ISA_USAGE = YES_ERROR;
				CLANG_WARN_DOCUMENTATION_COMMENTS = YES;
				CLANG_WARN_EMPTY_BODY = YES;
				CLANG_WARN_ENUM_CONVERSION = YES;
				CLANG_WARN_INFINITE_RECURSION = YES;
				CLANG_WARN_INT_CONVERSION = YES;
				CLANG_WARN_NON_LITERAL_NULL_CONVERSION = YES;
				CLANG_WARN_OBJC_IMPLICIT_RETAIN_SELF = YES;
				CLANG_WARN_OBJC_LITERAL_CONVERSION = YES;
				CLANG_WARN_OBJC_ROOT_CLASS = YES_ERROR;
				CLANG_WARN_QUOTED_INCLUDE_IN_FRAMEWORK_HEADER = YES;
				CLANG_WARN_RANGE_LOOP_ANALYSIS = YES;
				CLANG_WARN_STRICT_PROTOTYPES = YES;
				CLANG_WARN_SUSPICIOUS_MOVE = YES;
				CLANG_WARN_UNGUARDED_AVAILABILITY = YES_AGGRESSIVE;
				CLANG_WARN_UNREACHABLE_CODE = YES;
				CLANG_WARN__DUPLICATE_METHOD_MATCH = YES;
				COPY_PHASE_STRIP = NO;
				DEBUG_INFORMATION_FORMAT = dwarf;
				ENABLE_STRICT_OBJC_MSGSEND = YES;
				ENABLE_TESTABILITY = YES;
				ENABLE_USER_SCRIPT_SANDBOXING = YES;
				GCC_C_LANGUAGE_STANDARD = gnu17;
				GCC_DYNAMIC_NO_PIC = NO;
				GCC_NO_COMMON_BLOCKS = YES;
				GCC_OPTIMIZATION_LEVEL = 0;
				GCC_PREPROCESSOR_DEFINITIONS = (
					"DEBUG=1",
					"$(inherited)",
				);
				GCC_WARN_64_TO_32_BIT_CONVERSION = YES;
				GCC_WARN_ABOUT_RETURN_TYPE = YES_ERROR;
				GCC_WARN_UNDECLARED_SELECTOR = YES;
				GCC_WARN_UNINITIALIZED_AUTOS = YES_AGGRESSIVE;
				GCC_WARN_UNUSED_FUNCTION = YES;
				GCC_WARN_UNUSED_VARIABLE = YES;
				IPHONEOS_DEPLOYMENT_TARGET = 17.0;
				LOCALIZATION_PREFERS_STRING_CATALOGS = YES;
				MTL_ENABLE_DEBUG_INFO = INCLUDE_SOURCE;
				MTL_FAST_MATH = YES;
				ONLY_ACTIVE_ARCH = YES;
				SDKROOT = iphoneos;
				SWIFT_ACTIVE_COMPILATION_CONDITIONS = "DEBUG $(inherited)";
				SWIFT_OPTIMIZATION_LEVEL = "-Onone";
			};
			name = Debug;
		};
		A003BBD12C29678B00C64C5E /* Release */ = {
			isa = XCBuildConfiguration;
			buildSettings = {
				ALWAYS_SEARCH_USER_PATHS = NO;
				ASSETCATALOG_COMPILER_GENERATE_SWIFT_ASSET_SYMBOL_EXTENSIONS = YES;
				CLANG_ANALYZER_NONNULL = YES;
				CLANG_ANALYZER_NUMBER_OBJECT_CONVERSION = YES_AGGRESSIVE;
				CLANG_CXX_LANGUAGE_STANDARD = "gnu++20";
				CLANG_ENABLE_MODULES = YES;
				CLANG_ENABLE_OBJC_ARC = YES;
				CLANG_ENABLE_OBJC_WEAK = YES;
				CLANG_WARN_BLOCK_CAPTURE_AUTORELEASING = YES;
				CLANG_WARN_BOOL_CONVERSION = YES;
				CLANG_WARN_COMMA = YES;
				CLANG_WARN_CONSTANT_CONVERSION = YES;
				CLANG_WARN_DEPRECATED_OBJC_IMPLEMENTATIONS = YES;
				CLANG_WARN_DIRECT_OBJC_ISA_USAGE = YES_ERROR;
				CLANG_WARN_DOCUMENTATION_COMMENTS = YES;
				CLANG_WARN_EMPTY_BODY = YES;
				CLANG_WARN_ENUM_CONVERSION = YES;
				CLANG_WARN_INFINITE_RECURSION = YES;
				CLANG_WARN_INT_CONVERSION = YES;
				CLANG_WARN_NON_LITERAL_NULL_CONVERSION = YES;
				CLANG_WARN_OBJC_IMPLICIT_RETAIN_SELF = YES;
				CLANG_WARN_OBJC_LITERAL_CONVERSION = YES;
				CLANG_WARN_OBJC_ROOT_CLASS = YES_ERROR;
				CLANG_WARN_QUOTED_INCLUDE_IN_FRAMEWORK_HEADER = YES;
				CLANG_WARN_RANGE_LOOP_ANALYSIS = YES;
				CLANG_WARN_STRICT_PROTOTYPES = YES;
				CLANG_WARN_SUSPICIOUS_MOVE = YES;
				CLANG_WARN_UNGUARDED_AVAILABILITY = YES_AGGRESSIVE;
				CLANG_WARN_UNREACHABLE_CODE = YES;
				CLANG_WARN__DUPLICATE_METHOD_MATCH = YES;
				COPY_PHASE_STRIP = NO;
				DEBUG_INFORMATION_FORMAT = "dwarf-with-dsym";
				ENABLE_NS_ASSERTIONS = NO;
				ENABLE_STRICT_OBJC_MSGSEND = YES;
				ENABLE_USER_SCRIPT_SANDBOXING = YES;
				GCC_C_LANGUAGE_STANDARD = gnu17;
				GCC_NO_COMMON_BLOCKS = YES;
				GCC_WARN_64_TO_32_BIT_CONVERSION = YES;
				GCC_WARN_ABOUT_RETURN_TYPE = YES_ERROR;
				GCC_WARN_UNDECLARED_SELECTOR = YES;
				GCC_WARN_UNINITIALIZED_AUTOS = YES_AGGRESSIVE;
				GCC_WARN_UNUSED_FUNCTION = YES;
				GCC_WARN_UNUSED_VARIABLE = YES;
				IPHONEOS_DEPLOYMENT_TARGET = 17.0;
				LOCALIZATION_PREFERS_STRING_CATALOGS = YES;
				MTL_ENABLE_DEBUG_INFO = NO;
				MTL_FAST_MATH = YES;
				SDKROOT = iphoneos;
				SWIFT_COMPILATION_MODE = wholemodule;
				VALIDATE_PRODUCT = YES;
			};
			name = Release;
		};
		A003BBD32C29678B00C64C5E /* Debug */ = {
			isa = XCBuildConfiguration;
			buildSettings = {
				ASSETCATALOG_COMPILER_APPICON_NAME = AppIcon;
				ASSETCATALOG_COMPILER_GLOBAL_ACCENT_COLOR_NAME = AccentColor;
				CODE_SIGN_STYLE = Automatic;
				CURRENT_PROJECT_VERSION = 1;
				DEVELOPMENT_ASSET_PATHS = "\"EventApp/Preview Content\"";
				ENABLE_PREVIEWS = YES;
				GENERATE_INFOPLIST_FILE = YES;
				INFOPLIST_KEY_UIApplicationSceneManifest_Generation = YES;
				INFOPLIST_KEY_UIApplicationSupportsIndirectInputEvents = YES;
				INFOPLIST_KEY_UILaunchScreen_Generation = YES;
				INFOPLIST_KEY_UISupportedInterfaceOrientations_iPad = "UIInterfaceOrientationPortrait UIInterfaceOrientationPortraitUpsideDown UIInterfaceOrientationLandscapeLeft UIInterfaceOrientationLandscapeRight";
				INFOPLIST_KEY_UISupportedInterfaceOrientations_iPhone = "UIInterfaceOrientationPortrait UIInterfaceOrientationLandscapeLeft UIInterfaceOrientationLandscapeRight";
				LD_RUNPATH_SEARCH_PATHS = (
					"$(inherited)",
					"@executable_path/Frameworks",
				);
				MARKETING_VERSION = 1.0;
				PRODUCT_BUNDLE_IDENTIFIER = utkudincer.EventApp;
				PRODUCT_NAME = "$(TARGET_NAME)";
				SWIFT_EMIT_LOC_STRINGS = YES;
				SWIFT_VERSION = 5.0;
				TARGETED_DEVICE_FAMILY = "1,2";
			};
			name = Debug;
		};
		A003BBD42C29678B00C64C5E /* Release */ = {
			isa = XCBuildConfiguration;
			buildSettings = {
				ASSETCATALOG_COMPILER_APPICON_NAME = AppIcon;
				ASSETCATALOG_COMPILER_GLOBAL_ACCENT_COLOR_NAME = AccentColor;
				CODE_SIGN_STYLE = Automatic;
				CURRENT_PROJECT_VERSION = 1;
				DEVELOPMENT_ASSET_PATHS = "\"EventApp/Preview Content\"";
				ENABLE_PREVIEWS = YES;
				GENERATE_INFOPLIST_FILE = YES;
				INFOPLIST_KEY_UIApplicationSceneManifest_Generation = YES;
				INFOPLIST_KEY_UIApplicationSupportsIndirectInputEvents = YES;
				INFOPLIST_KEY_UILaunchScreen_Generation = YES;
				INFOPLIST_KEY_UISupportedInterfaceOrientations_iPad = "UIInterfaceOrientationPortrait UIInterfaceOrientationPortraitUpsideDown UIInterfaceOrientationLandscapeLeft UIInterfaceOrientationLandscapeRight";
				INFOPLIST_KEY_UISupportedInterfaceOrientations_iPhone = "UIInterfaceOrientationPortrait UIInterfaceOrientationLandscapeLeft UIInterfaceOrientationLandscapeRight";
				LD_RUNPATH_SEARCH_PATHS = (
					"$(inherited)",
					"@executable_path/Frameworks",
				);
				MARKETING_VERSION = 1.0;
				PRODUCT_BUNDLE_IDENTIFIER = utkudincer.EventApp;
				PRODUCT_NAME = "$(TARGET_NAME)";
				SWIFT_EMIT_LOC_STRINGS = YES;
				SWIFT_VERSION = 5.0;
				TARGETED_DEVICE_FAMILY = "1,2";
			};
			name = Release;
		};
		A003BBD62C29678B00C64C5E /* Debug */ = {
			isa = XCBuildConfiguration;
			buildSettings = {
				ALWAYS_EMBED_SWIFT_STANDARD_LIBRARIES = YES;
				BUNDLE_LOADER = "$(TEST_HOST)";
				CODE_SIGN_STYLE = Automatic;
				CURRENT_PROJECT_VERSION = 1;
				GENERATE_INFOPLIST_FILE = YES;
				IPHONEOS_DEPLOYMENT_TARGET = 17.0;
				MARKETING_VERSION = 1.0;
				PRODUCT_BUNDLE_IDENTIFIER = utkudincer.EventAppTests;
				PRODUCT_NAME = "$(TARGET_NAME)";
				SWIFT_EMIT_LOC_STRINGS = NO;
				SWIFT_VERSION = 5.0;
				TARGETED_DEVICE_FAMILY = "1,2";
				TEST_HOST = "$(BUILT_PRODUCTS_DIR)/EventApp.app/$(BUNDLE_EXECUTABLE_FOLDER_PATH)/EventApp";
			};
			name = Debug;
		};
		A003BBD72C29678B00C64C5E /* Release */ = {
			isa = XCBuildConfiguration;
			buildSettings = {
				ALWAYS_EMBED_SWIFT_STANDARD_LIBRARIES = YES;
				BUNDLE_LOADER = "$(TEST_HOST)";
				CODE_SIGN_STYLE = Automatic;
				CURRENT_PROJECT_VERSION = 1;
				GENERATE_INFOPLIST_FILE = YES;
				IPHONEOS_DEPLOYMENT_TARGET = 17.0;
				MARKETING_VERSION = 1.0;
				PRODUCT_BUNDLE_IDENTIFIER = utkudincer.EventAppTests;
				PRODUCT_NAME = "$(TARGET_NAME)";
				SWIFT_EMIT_LOC_STRINGS = NO;
				SWIFT_VERSION = 5.0;
				TARGETED_DEVICE_FAMILY = "1,2";
				TEST_HOST = "$(BUILT_PRODUCTS_DIR)/EventApp.app/$(BUNDLE_EXECUTABLE_FOLDER_PATH)/EventApp";
			};
			name = Release;
		};
		A003BBD92C29678B00C64C5E /* Debug */ = {
			isa = XCBuildConfiguration;
			buildSettings = {
				ALWAYS_EMBED_SWIFT_STANDARD_LIBRARIES = YES;
				CODE_SIGN_STYLE = Automatic;
				CURRENT_PROJECT_VERSION = 1;
				GENERATE_INFOPLIST_FILE = YES;
				MARKETING_VERSION = 1.0;
				PRODUCT_BUNDLE_IDENTIFIER = utkudincer.EventAppUITests;
				PRODUCT_NAME = "$(TARGET_NAME)";
				SWIFT_EMIT_LOC_STRINGS = NO;
				SWIFT_VERSION = 5.0;
				TARGETED_DEVICE_FAMILY = "1,2";
				TEST_TARGET_NAME = EventApp;
			};
			name = Debug;
		};
		A003BBDA2C29678B00C64C5E /* Release */ = {
			isa = XCBuildConfiguration;
			buildSettings = {
				ALWAYS_EMBED_SWIFT_STANDARD_LIBRARIES = YES;
				CODE_SIGN_STYLE = Automatic;
				CURRENT_PROJECT_VERSION = 1;
				GENERATE_INFOPLIST_FILE = YES;
				MARKETING_VERSION = 1.0;
				PRODUCT_BUNDLE_IDENTIFIER = utkudincer.EventAppUITests;
				PRODUCT_NAME = "$(TARGET_NAME)";
				SWIFT_EMIT_LOC_STRINGS = NO;
				SWIFT_VERSION = 5.0;
				TARGETED_DEVICE_FAMILY = "1,2";
				TEST_TARGET_NAME = EventApp;
			};
			name = Release;
		};
/* End XCBuildConfiguration section */

/* Begin XCConfigurationList section */
		A003BBA92C29678A00C64C5E /* Build configuration list for PBXProject "EventApp" */ = {
			isa = XCConfigurationList;
			buildConfigurations = (
				A003BBD02C29678B00C64C5E /* Debug */,
				A003BBD12C29678B00C64C5E /* Release */,
			);
			defaultConfigurationIsVisible = 0;
			defaultConfigurationName = Release;
		};
		A003BBD22C29678B00C64C5E /* Build configuration list for PBXNativeTarget "EventApp" */ = {
			isa = XCConfigurationList;
			buildConfigurations = (
				A003BBD32C29678B00C64C5E /* Debug */,
				A003BBD42C29678B00C64C5E /* Release */,
			);
			defaultConfigurationIsVisible = 0;
			defaultConfigurationName = Release;
		};
		A003BBD52C29678B00C64C5E /* Build configuration list for PBXNativeTarget "EventAppTests" */ = {
			isa = XCConfigurationList;
			buildConfigurations = (
				A003BBD62C29678B00C64C5E /* Debug */,
				A003BBD72C29678B00C64C5E /* Release */,
			);
			defaultConfigurationIsVisible = 0;
			defaultConfigurationName = Release;
		};
		A003BBD82C29678B00C64C5E /* Build configuration list for PBXNativeTarget "EventAppUITests" */ = {
			isa = XCConfigurationList;
			buildConfigurations = (
				A003BBD92C29678B00C64C5E /* Debug */,
				A003BBDA2C29678B00C64C5E /* Release */,
			);
			defaultConfigurationIsVisible = 0;
			defaultConfigurationName = Release;
		};
/* End XCConfigurationList section */
	};
	rootObject = A003BBA62C29678A00C64C5E /* Project object */;
}
